{
	"name": "liferay-frontend-theme-unstyled",
	"version": "3.0.0",
	"lockfileVersion": 1,
	"requires": true,
	"dependencies": {
		"clay-css": {
			"version": "2.0.0-rc.12",
			"resolved": "https://registry.npmjs.org/clay-css/-/clay-css-2.0.0-rc.12.tgz",
			"integrity": "sha1-gEqVJWU3CTCltCI8QDhZowniY9k="
		}
	}
}
